
Microsoft Visual Studio Solution File, Format Version 12.00
# Visual Studio Version 17
VisualStudioVersion = 17.10.35027.167
MinimumVisualStudioVersion = 10.0.40219.1
Project("{FAE04EC0-301F-11D3-BF4B-00C04F79EFBC}") = "MyNotePad", "MyNotePad\MyNotePad.csproj", "{061061E8-91D0-414A-9A4B-39234D39DCB6}"
EndProject
Global
	GlobalSection(SolutionConfigurationPlatforms) = preSolution
		Debug|Any CPU = Debug|Any CPU
		Release|Any CPU = Release|Any CPU
	EndGlobalSection
	GlobalSection(ProjectConfigurationPlatforms) = postSolution
		{061061E8-91D0-414A-9A4B-39234D39DCB6}.Debug|Any CPU.ActiveCfg = Debug|Any CPU
		{061061E8-91D0-414A-9A4B-39234D39DCB6}.Debug|Any CPU.Build.0 = Debug|Any CPU
		{061061E8-91D0-414A-9A4B-39234D39DCB6}.Release|Any CPU.ActiveCfg = Release|Any CPU
		{061061E8-91D0-414A-9A4B-39234D39DCB6}.Release|Any CPU.Build.0 = Release|Any CPU
	EndGlobalSection
	GlobalSection(SolutionProperties) = preSolution
		HideSolutionNode = FALSE
	EndGlobalSection
	GlobalSection(ExtensibilityGlobals) = postSolution
		SolutionGuid = {F6D0EF19-7F6C-4BDB-A6B9-604DFA0DC559}
	EndGlobalSection
EndGlobal
